// !$*UTF8*$!
{
	archiveVersion = 1;
	classes = {
	};
	objectVersion = 56;
	objects = {

/* Begin PBXBuildFile section */
		B00000000000000000000001 /* SnapCalApp.swift in Sources */ = {isa = PBXBuildFile; fileRef = F00000000000000000000001 /* SnapCalApp.swift */; };
		B00000000000000000000002 /* ContentView.swift in Sources */ = {isa = PBXBuildFile; fileRef = F00000000000000000000002 /* ContentView.swift */; };
		B00000000000000000000003 /* SnapCalModel.swift in Sources */ = {isa = PBXBuildFile; fileRef = F00000000000000000000003 /* SnapCalModel.swift */; };
		B00000000000000000000004 /* EventDraft.swift in Sources */ = {isa = PBXBuildFile; fileRef = F00000000000000000000004 /* EventDraft.swift */; };
		B00000000000000000000005 /* ImageValidator.swift in Sources */ = {isa = PBXBuildFile; fileRef = F00000000000000000000005 /* ImageValidator.swift */; };
		B00000000000000000000006 /* VisionOCRService.swift in Sources */ = {isa = PBXBuildFile; fileRef = F00000000000000000000006 /* VisionOCRService.swift */; };
		B00000000000000000000007 /* LocalEventExtractor.swift in Sources */ = {isa = PBXBuildFile; fileRef = F00000000000000000000007 /* LocalEventExtractor.swift */; };
		B00000000000000000000008 /* ImportView.swift in Sources */ = {isa = PBXBuildFile; fileRef = F00000000000000000000008 /* ImportView.swift */; };
		B00000000000000000000009 /* ReviewView.swift in Sources */ = {isa = PBXBuildFile; fileRef = F00000000000000000000009 /* ReviewView.swift */; };
		B0000000000000000000000A /* ImageValidatorTests.swift in Sources */ = {isa = PBXBuildFile; fileRef = F0000000000000000000000A /* ImageValidatorTests.swift */; };
		B0000000000000000000000B /* LocalEventExtractorTests.swift in Sources */ = {isa = PBXBuildFile; fileRef = F0000000000000000000000B /* LocalEventExtractorTests.swift */; };
		B0000000000000000000000C /* SnapCalModelTests.swift in Sources */ = {isa = PBXBuildFile; fileRef = F0000000000000000000000C /* SnapCalModelTests.swift */; };
		B00000000000000000000010 /* CalendarEvent.swift in Sources */ = {isa = PBXBuildFile; fileRef = F00000000000000000000010 /* CalendarEvent.swift */; };
		B00000000000000000000011 /* HTTPTransport.swift in Sources */ = {isa = PBXBuildFile; fileRef = F00000000000000000000011 /* HTTPTransport.swift */; };
		B00000000000000000000012 /* KeychainCredentialStore.swift in Sources */ = {isa = PBXBuildFile; fileRef = F00000000000000000000012 /* KeychainCredentialStore.swift */; };
		B00000000000000000000013 /* LoopbackOAuthServer.swift in Sources */ = {isa = PBXBuildFile; fileRef = F00000000000000000000013 /* LoopbackOAuthServer.swift */; };
		B00000000000000000000014 /* GoogleOAuthService.swift in Sources */ = {isa = PBXBuildFile; fileRef = F00000000000000000000014 /* GoogleOAuthService.swift */; };
		B00000000000000000000015 /* GoogleCalendarService.swift in Sources */ = {isa = PBXBuildFile; fileRef = F00000000000000000000015 /* GoogleCalendarService.swift */; };
		B00000000000000000000016 /* CalendarEventMapperTests.swift in Sources */ = {isa = PBXBuildFile; fileRef = F00000000000000000000016 /* CalendarEventMapperTests.swift */; };
		B00000000000000000000017 /* GoogleOAuthTests.swift in Sources */ = {isa = PBXBuildFile; fileRef = F00000000000000000000017 /* GoogleOAuthTests.swift */; };
		B00000000000000000000018 /* GoogleCalendarClientTests.swift in Sources */ = {isa = PBXBuildFile; fileRef = F00000000000000000000018 /* GoogleCalendarClientTests.swift */; };
		B00000000000000000000019 /* ExtractionMode.swift in Sources */ = {isa = PBXBuildFile; fileRef = F00000000000000000000019 /* ExtractionMode.swift */; };
		B0000000000000000000001A /* GeminiExtractionClient.swift in Sources */ = {isa = PBXBuildFile; fileRef = F0000000000000000000001A /* GeminiExtractionClient.swift */; };
		B0000000000000000000001B /* GeminiExtractionClientTests.swift in Sources */ = {isa = PBXBuildFile; fileRef = F0000000000000000000001B /* GeminiExtractionClientTests.swift */; };
		B0000000000000000000001C /* NotchDropZone.swift in Sources */ = {isa = PBXBuildFile; fileRef = F0000000000000000000001C /* NotchDropZone.swift */; };
		B0000000000000000000001D /* NotchDropZoneTests.swift in Sources */ = {isa = PBXBuildFile; fileRef = F0000000000000000000001D /* NotchDropZoneTests.swift */; };
		B0000000000000000000001E /* ClipboardImageReader.swift in Sources */ = {isa = PBXBuildFile; fileRef = F0000000000000000000001E /* ClipboardImageReader.swift */; };
		B0000000000000000000001F /* SnapCalMenuBarView.swift in Sources */ = {isa = PBXBuildFile; fileRef = F0000000000000000000001F /* SnapCalMenuBarView.swift */; };
		B00000000000000000000020 /* ClipboardImageReaderTests.swift in Sources */ = {isa = PBXBuildFile; fileRef = F00000000000000000000020 /* ClipboardImageReaderTests.swift */; };
		B00000000000000000000021 /* SQLiteDraftStore.swift in Sources */ = {isa = PBXBuildFile; fileRef = F00000000000000000000021 /* SQLiteDraftStore.swift */; };
		B00000000000000000000022 /* RecentDraftsView.swift in Sources */ = {isa = PBXBuildFile; fileRef = F00000000000000000000022 /* RecentDraftsView.swift */; };
		B00000000000000000000023 /* SQLiteDraftStoreTests.swift in Sources */ = {isa = PBXBuildFile; fileRef = F00000000000000000000023 /* SQLiteDraftStoreTests.swift */; };
		B00000000000000000000024 /* TrustPolicies.swift in Sources */ = {isa = PBXBuildFile; fileRef = F00000000000000000000024 /* TrustPolicies.swift */; };
		B00000000000000000000025 /* LocationResolver.swift in Sources */ = {isa = PBXBuildFile; fileRef = F00000000000000000000025 /* LocationResolver.swift */; };
		B00000000000000000000026 /* ScreenshotVault.swift in Sources */ = {isa = PBXBuildFile; fileRef = F00000000000000000000026 /* ScreenshotVault.swift */; };
		B00000000000000000000027 /* PrivacySettingsView.swift in Sources */ = {isa = PBXBuildFile; fileRef = F00000000000000000000027 /* PrivacySettingsView.swift */; };
		B00000000000000000000028 /* ReminderPolicyTests.swift in Sources */ = {isa = PBXBuildFile; fileRef = F00000000000000000000028 /* ReminderPolicyTests.swift */; };
		B00000000000000000000029 /* DuplicateDetectorTests.swift in Sources */ = {isa = PBXBuildFile; fileRef = F00000000000000000000029 /* DuplicateDetectorTests.swift */; };
		B0000000000000000000002A /* ScreenshotVaultTests.swift in Sources */ = {isa = PBXBuildFile; fileRef = F0000000000000000000002A /* ScreenshotVaultTests.swift */; };
		B0000000000000000000002B /* SnapCalUITests.swift in Sources */ = {isa = PBXBuildFile; fileRef = F0000000000000000000002B /* SnapCalUITests.swift */; };
/* End PBXBuildFile section */

/* Begin PBXContainerItemProxy section */
		C00000000000000000000001 /* PBXContainerItemProxy */ = {
			isa = PBXContainerItemProxy;
			containerPortal = P00000000000000000000000 /* Project object */;
			proxyType = 1;
			remoteGlobalIDString = T00000000000000000000001;
			remoteInfo = SnapCal;
		};
		C00000000000000000000002 /* PBXContainerItemProxy */ = {
			isa = PBXContainerItemProxy;
			containerPortal = P00000000000000000000000 /* Project object */;
			proxyType = 1;
			remoteGlobalIDString = T00000000000000000000001;
			remoteInfo = SnapCal;
		};
/* End PBXContainerItemProxy section */

/* Begin PBXFileReference section */
		F00000000000000000000001 /* SnapCalApp.swift */ = {isa = PBXFileReference; lastKnownFileType = sourcecode.swift; path = SnapCalApp.swift; sourceTree = "<group>"; };
		F00000000000000000000002 /* ContentView.swift */ = {isa = PBXFileReference; lastKnownFileType = sourcecode.swift; path = ContentView.swift; sourceTree = "<group>"; };
		F00000000000000000000003 /* SnapCalModel.swift */ = {isa = PBXFileReference; lastKnownFileType = sourcecode.swift; path = SnapCalModel.swift; sourceTree = "<group>"; };
		F00000000000000000000004 /* EventDraft.swift */ = {isa = PBXFileReference; lastKnownFileType = sourcecode.swift; path = EventDraft.swift; sourceTree = "<group>"; };
		F00000000000000000000005 /* ImageValidator.swift */ = {isa = PBXFileReference; lastKnownFileType = sourcecode.swift; path = ImageValidator.swift; sourceTree = "<group>"; };
		F00000000000000000000006 /* VisionOCRService.swift */ = {isa = PBXFileReference; lastKnownFileType = sourcecode.swift; path = VisionOCRService.swift; sourceTree = "<group>"; };
		F00000000000000000000007 /* LocalEventExtractor.swift */ = {isa = PBXFileReference; lastKnownFileType = sourcecode.swift; path = LocalEventExtractor.swift; sourceTree = "<group>"; };
		F00000000000000000000008 /* ImportView.swift */ = {isa = PBXFileReference; lastKnownFileType = sourcecode.swift; path = ImportView.swift; sourceTree = "<group>"; };
		F00000000000000000000009 /* ReviewView.swift */ = {isa = PBXFileReference; lastKnownFileType = sourcecode.swift; path = ReviewView.swift; sourceTree = "<group>"; };
		F0000000000000000000000A /* ImageValidatorTests.swift */ = {isa = PBXFileReference; lastKnownFileType = sourcecode.swift; path = ImageValidatorTests.swift; sourceTree = "<group>"; };
		F0000000000000000000000B /* LocalEventExtractorTests.swift */ = {isa = PBXFileReference; lastKnownFileType = sourcecode.swift; path = LocalEventExtractorTests.swift; sourceTree = "<group>"; };
		F0000000000000000000000C /* SnapCalModelTests.swift */ = {isa = PBXFileReference; lastKnownFileType = sourcecode.swift; path = SnapCalModelTests.swift; sourceTree = "<group>"; };
		F0000000000000000000000D /* SnapCal.entitlements */ = {isa = PBXFileReference; lastKnownFileType = text.plist.entitlements; path = SnapCal.entitlements; sourceTree = "<group>"; };
		F0000000000000000000000E /* SnapCal.app */ = {isa = PBXFileReference; explicitFileType = wrapper.application; includeInIndex = 0; path = SnapCal.app; sourceTree = BUILT_PRODUCTS_DIR; };
		F0000000000000000000000F /* SnapCalTests.xctest */ = {isa = PBXFileReference; explicitFileType = wrapper.cfbundle; includeInIndex = 0; path = SnapCalTests.xctest; sourceTree = BUILT_PRODUCTS_DIR; };
		F00000000000000000000010 /* CalendarEvent.swift */ = {isa = PBXFileReference; lastKnownFileType = sourcecode.swift; path = CalendarEvent.swift; sourceTree = "<group>"; };
		F00000000000000000000011 /* HTTPTransport.swift */ = {isa = PBXFileReference; lastKnownFileType = sourcecode.swift; path = HTTPTransport.swift; sourceTree = "<group>"; };
		F00000000000000000000012 /* KeychainCredentialStore.swift */ = {isa = PBXFileReference; lastKnownFileType = sourcecode.swift; path = KeychainCredentialStore.swift; sourceTree = "<group>"; };
		F00000000000000000000013 /* LoopbackOAuthServer.swift */ = {isa = PBXFileReference; lastKnownFileType = sourcecode.swift; path = LoopbackOAuthServer.swift; sourceTree = "<group>"; };
		F00000000000000000000014 /* GoogleOAuthService.swift */ = {isa = PBXFileReference; lastKnownFileType = sourcecode.swift; path = GoogleOAuthService.swift; sourceTree = "<group>"; };
		F00000000000000000000015 /* GoogleCalendarService.swift */ = {isa = PBXFileReference; lastKnownFileType = sourcecode.swift; path = GoogleCalendarService.swift; sourceTree = "<group>"; };
		F00000000000000000000016 /* CalendarEventMapperTests.swift */ = {isa = PBXFileReference; lastKnownFileType = sourcecode.swift; path = CalendarEventMapperTests.swift; sourceTree = "<group>"; };
		F00000000000000000000017 /* GoogleOAuthTests.swift */ = {isa = PBXFileReference; lastKnownFileType = sourcecode.swift; path = GoogleOAuthTests.swift; sourceTree = "<group>"; };
		F00000000000000000000018 /* GoogleCalendarClientTests.swift */ = {isa = PBXFileReference; lastKnownFileType = sourcecode.swift; path = GoogleCalendarClientTests.swift; sourceTree = "<group>"; };
		F00000000000000000000019 /* ExtractionMode.swift */ = {isa = PBXFileReference; lastKnownFileType = sourcecode.swift; path = ExtractionMode.swift; sourceTree = "<group>"; };
		F0000000000000000000001A /* GeminiExtractionClient.swift */ = {isa = PBXFileReference; lastKnownFileType = sourcecode.swift; path = GeminiExtractionClient.swift; sourceTree = "<group>"; };
		F0000000000000000000001B /* GeminiExtractionClientTests.swift */ = {isa = PBXFileReference; lastKnownFileType = sourcecode.swift; path = GeminiExtractionClientTests.swift; sourceTree = "<group>"; };
		F0000000000000000000001C /* NotchDropZone.swift */ = {isa = PBXFileReference; lastKnownFileType = sourcecode.swift; path = NotchDropZone.swift; sourceTree = "<group>"; };
		F0000000000000000000001D /* NotchDropZoneTests.swift */ = {isa = PBXFileReference; lastKnownFileType = sourcecode.swift; path = NotchDropZoneTests.swift; sourceTree = "<group>"; };
		F0000000000000000000001E /* ClipboardImageReader.swift */ = {isa = PBXFileReference; lastKnownFileType = sourcecode.swift; path = ClipboardImageReader.swift; sourceTree = "<group>"; };
		F0000000000000000000001F /* SnapCalMenuBarView.swift */ = {isa = PBXFileReference; lastKnownFileType = sourcecode.swift; path = SnapCalMenuBarView.swift; sourceTree = "<group>"; };
		F00000000000000000000020 /* ClipboardImageReaderTests.swift */ = {isa = PBXFileReference; lastKnownFileType = sourcecode.swift; path = ClipboardImageReaderTests.swift; sourceTree = "<group>"; };
		F00000000000000000000021 /* SQLiteDraftStore.swift */ = {isa = PBXFileReference; lastKnownFileType = sourcecode.swift; path = SQLiteDraftStore.swift; sourceTree = "<group>"; };
		F00000000000000000000022 /* RecentDraftsView.swift */ = {isa = PBXFileReference; lastKnownFileType = sourcecode.swift; path = RecentDraftsView.swift; sourceTree = "<group>"; };
		F00000000000000000000023 /* SQLiteDraftStoreTests.swift */ = {isa = PBXFileReference; lastKnownFileType = sourcecode.swift; path = SQLiteDraftStoreTests.swift; sourceTree = "<group>"; };
		F00000000000000000000024 /* TrustPolicies.swift */ = {isa = PBXFileReference; lastKnownFileType = sourcecode.swift; path = TrustPolicies.swift; sourceTree = "<group>"; };
		F00000000000000000000025 /* LocationResolver.swift */ = {isa = PBXFileReference; lastKnownFileType = sourcecode.swift; path = LocationResolver.swift; sourceTree = "<group>"; };
		F00000000000000000000026 /* ScreenshotVault.swift */ = {isa = PBXFileReference; lastKnownFileType = sourcecode.swift; path = ScreenshotVault.swift; sourceTree = "<group>"; };
		F00000000000000000000027 /* PrivacySettingsView.swift */ = {isa = PBXFileReference; lastKnownFileType = sourcecode.swift; path = PrivacySettingsView.swift; sourceTree = "<group>"; };
		F00000000000000000000028 /* ReminderPolicyTests.swift */ = {isa = PBXFileReference; lastKnownFileType = sourcecode.swift; path = ReminderPolicyTests.swift; sourceTree = "<group>"; };
		F00000000000000000000029 /* DuplicateDetectorTests.swift */ = {isa = PBXFileReference; lastKnownFileType = sourcecode.swift; path = DuplicateDetectorTests.swift; sourceTree = "<group>"; };
		F0000000000000000000002A /* ScreenshotVaultTests.swift */ = {isa = PBXFileReference; lastKnownFileType = sourcecode.swift; path = ScreenshotVaultTests.swift; sourceTree = "<group>"; };
		F0000000000000000000002B /* SnapCalUITests.swift */ = {isa = PBXFileReference; lastKnownFileType = sourcecode.swift; path = SnapCalUITests.swift; sourceTree = "<group>"; };
		F0000000000000000000002C /* SnapCalUITests.xctest */ = {isa = PBXFileReference; explicitFileType = wrapper.cfbundle; includeInIndex = 0; path = SnapCalUITests.xctest; sourceTree = BUILT_PRODUCTS_DIR; };
/* End PBXFileReference section */

/* Begin PBXFrameworksBuildPhase section */
		W00000000000000000000001 /* Frameworks */ = {
			isa = PBXFrameworksBuildPhase;
			buildActionMask = 2147483647;
			files = (
			);
			runOnlyForDeploymentPostprocessing = 0;
		};
		W00000000000000000000002 /* Frameworks */ = {
			isa = PBXFrameworksBuildPhase;
			buildActionMask = 2147483647;
			files = (
			);
			runOnlyForDeploymentPostprocessing = 0;
		};
		W00000000000000000000003 /* Frameworks */ = {
			isa = PBXFrameworksBuildPhase;
			buildActionMask = 2147483647;
			files = (
			);
			runOnlyForDeploymentPostprocessing = 0;
		};
/* End PBXFrameworksBuildPhase section */

/* Begin PBXGroup section */
		G00000000000000000000000 = {
			isa = PBXGroup;
			children = (
				G00000000000000000000001 /* SnapCal */,
				G00000000000000000000008 /* apps/macos/SnapCalTests */,
				G00000000000000000000010 /* apps/macos/SnapCalUITests */,
				G00000000000000000000009 /* Products */,
			);
			sourceTree = "<group>";
		};
		G00000000000000000000001 /* SnapCal */ = {
			isa = PBXGroup;
			children = (
				G00000000000000000000002 /* App */,
				G00000000000000000000003 /* Application */,
				G00000000000000000000004 /* Domain */,
				G00000000000000000000005 /* Infrastructure */,
				G00000000000000000000006 /* Features */,
				F0000000000000000000000D /* SnapCal.entitlements */,
			);
			name = SnapCal;
			path = apps/macos/SnapCal;
			sourceTree = "<group>";
		};
		G00000000000000000000002 /* App */ = {
			isa = PBXGroup;
			children = (
				F00000000000000000000001 /* SnapCalApp.swift */,
				F00000000000000000000002 /* ContentView.swift */,
			);
			path = App;
			sourceTree = "<group>";
		};
		G00000000000000000000003 /* Application */ = {
			isa = PBXGroup;
			children = (
				F00000000000000000000003 /* SnapCalModel.swift */,
			);
			path = Application;
			sourceTree = "<group>";
		};
		G00000000000000000000004 /* Domain */ = {
			isa = PBXGroup;
			children = (
				F00000000000000000000004 /* EventDraft.swift */,
				F00000000000000000000010 /* CalendarEvent.swift */,
				F00000000000000000000019 /* ExtractionMode.swift */,
				F00000000000000000000024 /* TrustPolicies.swift */,
			);
			path = Domain;
			sourceTree = "<group>";
		};
		G00000000000000000000005 /* Infrastructure */ = {
			isa = PBXGroup;
			children = (
				F00000000000000000000005 /* ImageValidator.swift */,
				F00000000000000000000006 /* VisionOCRService.swift */,
				F00000000000000000000007 /* LocalEventExtractor.swift */,
				F00000000000000000000011 /* HTTPTransport.swift */,
				F00000000000000000000012 /* KeychainCredentialStore.swift */,
				F00000000000000000000013 /* LoopbackOAuthServer.swift */,
				F00000000000000000000014 /* GoogleOAuthService.swift */,
				F00000000000000000000015 /* GoogleCalendarService.swift */,
				F0000000000000000000001A /* GeminiExtractionClient.swift */,
				F0000000000000000000001E /* ClipboardImageReader.swift */,
				F00000000000000000000021 /* SQLiteDraftStore.swift */,
				F00000000000000000000025 /* LocationResolver.swift */,
				F00000000000000000000026 /* ScreenshotVault.swift */,
			);
			path = Infrastructure;
			sourceTree = "<group>";
		};
		G00000000000000000000006 /* Features */ = {
			isa = PBXGroup;
			children = (
				G0000000000000000000000A /* Import */,
				G0000000000000000000000C /* Notch */,
				G0000000000000000000000D /* MenuBar */,
				G0000000000000000000000E /* History */,
				G0000000000000000000000F /* Settings */,
				G0000000000000000000000B /* Review */,
			);
			path = Features;
			sourceTree = "<group>";
		};
		G00000000000000000000008 /* apps/macos/SnapCalTests */ = {
			isa = PBXGroup;
			children = (
				F0000000000000000000000A /* ImageValidatorTests.swift */,
				F0000000000000000000000B /* LocalEventExtractorTests.swift */,
				F0000000000000000000000C /* SnapCalModelTests.swift */,
				F00000000000000000000016 /* CalendarEventMapperTests.swift */,
				F00000000000000000000017 /* GoogleOAuthTests.swift */,
				F00000000000000000000018 /* GoogleCalendarClientTests.swift */,
				F0000000000000000000001B /* GeminiExtractionClientTests.swift */,
				F0000000000000000000001D /* NotchDropZoneTests.swift */,
				F00000000000000000000020 /* ClipboardImageReaderTests.swift */,
				F00000000000000000000023 /* SQLiteDraftStoreTests.swift */,
				F00000000000000000000028 /* ReminderPolicyTests.swift */,
				F00000000000000000000029 /* DuplicateDetectorTests.swift */,
				F0000000000000000000002A /* ScreenshotVaultTests.swift */,
			);
			path = apps/macos/SnapCalTests;
			sourceTree = "<group>";
		};
		G00000000000000000000009 /* Products */ = {
			isa = PBXGroup;
			children = (
				F0000000000000000000000E /* SnapCal.app */,
				F0000000000000000000000F /* SnapCalTests.xctest */,
				F0000000000000000000002C /* SnapCalUITests.xctest */,
			);
			name = Products;
			sourceTree = "<group>";
		};
		G00000000000000000000010 /* apps/macos/SnapCalUITests */ = {
			isa = PBXGroup;
			children = (
				F0000000000000000000002B /* SnapCalUITests.swift */,
			);
			path = apps/macos/SnapCalUITests;
			sourceTree = "<group>";
		};
		G0000000000000000000000A /* Import */ = {
			isa = PBXGroup;
			children = (
				F00000000000000000000008 /* ImportView.swift */,
			);
			path = Import;
			sourceTree = "<group>";
		};
		G0000000000000000000000B /* Review */ = {
			isa = PBXGroup;
			children = (
				F00000000000000000000009 /* ReviewView.swift */,
			);
			path = Review;
			sourceTree = "<group>";
		};
		G0000000000000000000000C /* Notch */ = {
			isa = PBXGroup;
			children = (
				F0000000000000000000001C /* NotchDropZone.swift */,
			);
			path = Notch;
			sourceTree = "<group>";
		};
		G0000000000000000000000D /* MenuBar */ = {
			isa = PBXGroup;
			children = (
				F0000000000000000000001F /* SnapCalMenuBarView.swift */,
			);
			path = MenuBar;
			sourceTree = "<group>";
		};
		G0000000000000000000000E /* History */ = {
			isa = PBXGroup;
			children = (
				F00000000000000000000022 /* RecentDraftsView.swift */,
			);
			path = History;
			sourceTree = "<group>";
		};
		G0000000000000000000000F /* Settings */ = {
			isa = PBXGroup;
			children = (
				F00000000000000000000027 /* PrivacySettingsView.swift */,
			);
			path = Settings;
			sourceTree = "<group>";
		};
/* End PBXGroup section */

/* Begin PBXNativeTarget section */
		T00000000000000000000001 /* SnapCal */ = {
			isa = PBXNativeTarget;
			buildConfigurationList = L00000000000000000000002 /* Build configuration list for PBXNativeTarget "SnapCal" */;
			buildPhases = (
				S00000000000000000000001 /* Sources */,
				W00000000000000000000001 /* Frameworks */,
				R00000000000000000000001 /* Resources */,
			);
			buildRules = (
			);
			dependencies = (
			);
			name = SnapCal;
			productName = SnapCal;
			productReference = F0000000000000000000000E /* SnapCal.app */;
			productType = "com.apple.product-type.application";
		};
		T00000000000000000000002 /* SnapCalTests */ = {
			isa = PBXNativeTarget;
			buildConfigurationList = L00000000000000000000003 /* Build configuration list for PBXNativeTarget "SnapCalTests" */;
			buildPhases = (
				S00000000000000000000002 /* Sources */,
				W00000000000000000000002 /* Frameworks */,
				R00000000000000000000002 /* Resources */,
			);
			buildRules = (
			);
			dependencies = (
				D00000000000000000000001 /* PBXTargetDependency */,
			);
			name = SnapCalTests;
			productName = SnapCalTests;
			productReference = F0000000000000000000000F /* SnapCalTests.xctest */;
			productType = "com.apple.product-type.bundle.unit-test";
		};
		T00000000000000000000003 /* SnapCalUITests */ = {
			isa = PBXNativeTarget;
			buildConfigurationList = L00000000000000000000004 /* Build configuration list for PBXNativeTarget "SnapCalUITests" */;
			buildPhases = (
				S00000000000000000000003 /* Sources */,
				W00000000000000000000003 /* Frameworks */,
				R00000000000000000000003 /* Resources */,
			);
			buildRules = (
			);
			dependencies = (
				D00000000000000000000002 /* PBXTargetDependency */,
			);
			name = SnapCalUITests;
			productName = SnapCalUITests;
			productReference = F0000000000000000000002C /* SnapCalUITests.xctest */;
			productType = "com.apple.product-type.bundle.ui-testing";
		};
/* End PBXNativeTarget section */

/* Begin PBXProject section */
		P00000000000000000000000 /* Project object */ = {
			isa = PBXProject;
			attributes = {
				BuildIndependentTargetsInParallel = 1;
				LastSwiftUpdateCheck = 1640;
				LastUpgradeCheck = 1640;
				TargetAttributes = {
					T00000000000000000000001 = {
						CreatedOnToolsVersion = 16.4;
					};
					T00000000000000000000002 = {
						CreatedOnToolsVersion = 16.4;
						TestTargetID = T00000000000000000000001;
					};
					T00000000000000000000003 = {
						CreatedOnToolsVersion = 16.4;
						TestTargetID = T00000000000000000000001;
					};
				};
			};
			buildConfigurationList = L00000000000000000000001 /* Build configuration list for PBXProject "SnapCal" */;
			compatibilityVersion = "Xcode 14.0";
			developmentRegion = en;
			hasScannedForEncodings = 0;
			knownRegions = (
				en,
				Base,
			);
			mainGroup = G00000000000000000000000;
			productRefGroup = G00000000000000000000009 /* Products */;
			projectDirPath = "";
			projectRoot = "";
			targets = (
				T00000000000000000000001 /* SnapCal */,
				T00000000000000000000002 /* SnapCalTests */,
				T00000000000000000000003 /* SnapCalUITests */,
			);
		};
/* End PBXProject section */

/* Begin PBXResourcesBuildPhase section */
		R00000000000000000000001 /* Resources */ = {
			isa = PBXResourcesBuildPhase;
			buildActionMask = 2147483647;
			files = (
			);
			runOnlyForDeploymentPostprocessing = 0;
		};
		R00000000000000000000002 /* Resources */ = {
			isa = PBXResourcesBuildPhase;
			buildActionMask = 2147483647;
			files = (
			);
			runOnlyForDeploymentPostprocessing = 0;
		};
		R00000000000000000000003 /* Resources */ = {
			isa = PBXResourcesBuildPhase;
			buildActionMask = 2147483647;
			files = (
			);
			runOnlyForDeploymentPostprocessing = 0;
		};
/* End PBXResourcesBuildPhase section */

/* Begin PBXSourcesBuildPhase section */
		S00000000000000000000001 /* Sources */ = {
			isa = PBXSourcesBuildPhase;
			buildActionMask = 2147483647;
			files = (
				B00000000000000000000001 /* SnapCalApp.swift in Sources */,
				B00000000000000000000002 /* ContentView.swift in Sources */,
				B00000000000000000000003 /* SnapCalModel.swift in Sources */,
				B00000000000000000000004 /* EventDraft.swift in Sources */,
				B00000000000000000000005 /* ImageValidator.swift in Sources */,
				B00000000000000000000006 /* VisionOCRService.swift in Sources */,
				B00000000000000000000007 /* LocalEventExtractor.swift in Sources */,
				B00000000000000000000008 /* ImportView.swift in Sources */,
				B00000000000000000000009 /* ReviewView.swift in Sources */,
				B00000000000000000000010 /* CalendarEvent.swift in Sources */,
				B00000000000000000000011 /* HTTPTransport.swift in Sources */,
				B00000000000000000000012 /* KeychainCredentialStore.swift in Sources */,
				B00000000000000000000013 /* LoopbackOAuthServer.swift in Sources */,
				B00000000000000000000014 /* GoogleOAuthService.swift in Sources */,
				B00000000000000000000015 /* GoogleCalendarService.swift in Sources */,
				B00000000000000000000019 /* ExtractionMode.swift in Sources */,
				B00000000000000000000024 /* TrustPolicies.swift in Sources */,
				B0000000000000000000001A /* GeminiExtractionClient.swift in Sources */,
				B0000000000000000000001C /* NotchDropZone.swift in Sources */,
				B0000000000000000000001E /* ClipboardImageReader.swift in Sources */,
				B0000000000000000000001F /* SnapCalMenuBarView.swift in Sources */,
				B00000000000000000000021 /* SQLiteDraftStore.swift in Sources */,
				B00000000000000000000022 /* RecentDraftsView.swift in Sources */,
				B00000000000000000000025 /* LocationResolver.swift in Sources */,
				B00000000000000000000026 /* ScreenshotVault.swift in Sources */,
				B00000000000000000000027 /* PrivacySettingsView.swift in Sources */,
			);
			runOnlyForDeploymentPostprocessing = 0;
		};
		S00000000000000000000002 /* Sources */ = {
			isa = PBXSourcesBuildPhase;
			buildActionMask = 2147483647;
			files = (
				B0000000000000000000000A /* ImageValidatorTests.swift in Sources */,
				B0000000000000000000000B /* LocalEventExtractorTests.swift in Sources */,
				B0000000000000000000000C /* SnapCalModelTests.swift in Sources */,
				B00000000000000000000016 /* CalendarEventMapperTests.swift in Sources */,
				B00000000000000000000017 /* GoogleOAuthTests.swift in Sources */,
				B00000000000000000000018 /* GoogleCalendarClientTests.swift in Sources */,
				B0000000000000000000001B /* GeminiExtractionClientTests.swift in Sources */,
				B0000000000000000000001D /* NotchDropZoneTests.swift in Sources */,
				B00000000000000000000020 /* ClipboardImageReaderTests.swift in Sources */,
				B00000000000000000000023 /* SQLiteDraftStoreTests.swift in Sources */,
				B00000000000000000000028 /* ReminderPolicyTests.swift in Sources */,
				B00000000000000000000029 /* DuplicateDetectorTests.swift in Sources */,
				B0000000000000000000002A /* ScreenshotVaultTests.swift in Sources */,
			);
			runOnlyForDeploymentPostprocessing = 0;
		};
		S00000000000000000000003 /* Sources */ = {
			isa = PBXSourcesBuildPhase;
			buildActionMask = 2147483647;
			files = (
				B0000000000000000000002B /* SnapCalUITests.swift in Sources */,
			);
			runOnlyForDeploymentPostprocessing = 0;
		};
/* End PBXSourcesBuildPhase section */

/* Begin PBXTargetDependency section */
		D00000000000000000000001 /* PBXTargetDependency */ = {
			isa = PBXTargetDependency;
			target = T00000000000000000000001 /* SnapCal */;
			targetProxy = C00000000000000000000001 /* PBXContainerItemProxy */;
		};
		D00000000000000000000002 /* PBXTargetDependency */ = {
			isa = PBXTargetDependency;
			target = T00000000000000000000001 /* SnapCal */;
			targetProxy = C00000000000000000000002 /* PBXContainerItemProxy */;
		};
/* End PBXTargetDependency section */

/* Begin XCBuildConfiguration section */
		C00000000000000000000100 /* Debug */ = {
			isa = XCBuildConfiguration;
			buildSettings = {
				ALWAYS_SEARCH_USER_PATHS = NO;
				CLANG_ENABLE_MODULES = YES;
				CLANG_ENABLE_OBJC_ARC = YES;
				COPY_PHASE_STRIP = NO;
				DEBUG_INFORMATION_FORMAT = dwarf;
				ENABLE_TESTABILITY = YES;
				GCC_C_LANGUAGE_STANDARD = gnu17;
				GCC_OPTIMIZATION_LEVEL = 0;
				MACOSX_DEPLOYMENT_TARGET = 14.0;
				ONLY_ACTIVE_ARCH = YES;
				SDKROOT = macosx;
				SNAPCAL_APP_BUNDLE_IDENTIFIER = com.hkud5at6v6.snapcal;
				SWIFT_ACTIVE_COMPILATION_CONDITIONS = "DEBUG $(inherited)";
				SWIFT_OPTIMIZATION_LEVEL = "-Onone";
			};
			name = Debug;
		};
		C00000000000000000000101 /* Release */ = {
			isa = XCBuildConfiguration;
			buildSettings = {
				ALWAYS_SEARCH_USER_PATHS = NO;
				CLANG_ENABLE_MODULES = YES;
				CLANG_ENABLE_OBJC_ARC = YES;
				COPY_PHASE_STRIP = NO;
				DEBUG_INFORMATION_FORMAT = "dwarf-with-dsym";
				ENABLE_NS_ASSERTIONS = NO;
				GCC_C_LANGUAGE_STANDARD = gnu17;
				MACOSX_DEPLOYMENT_TARGET = 14.0;
				SDKROOT = macosx;
				SNAPCAL_APP_BUNDLE_IDENTIFIER = com.hkud5at6v6.snapcal;
				SWIFT_COMPILATION_MODE = wholemodule;
				SWIFT_OPTIMIZATION_LEVEL = "-O";
				VALIDATE_PRODUCT = YES;
			};
			name = Release;
		};
		C00000000000000000000200 /* Debug */ = {
			isa = XCBuildConfiguration;
			buildSettings = {
				CODE_SIGN_ENTITLEMENTS = apps/macos/SnapCal/SnapCal.entitlements;
				CODE_SIGN_STYLE = Automatic;
				CURRENT_PROJECT_VERSION = 1;
				DEVELOPMENT_TEAM = HKUD5AT6V6;
				ENABLE_APP_SANDBOX = YES;
				ENABLE_HARDENED_RUNTIME = YES;
				GENERATE_INFOPLIST_FILE = YES;
				INFOPLIST_KEY_CFBundleDisplayName = SnapCal;
				INFOPLIST_KEY_LSApplicationCategoryType = "public.app-category.productivity";
				INFOPLIST_KEY_NSPrincipalClass = NSApplication;
				MARKETING_VERSION = 0.1.0;
				PRODUCT_BUNDLE_IDENTIFIER = "$(SNAPCAL_APP_BUNDLE_IDENTIFIER)";
				PRODUCT_NAME = "$(TARGET_NAME)";
				SWIFT_EMIT_LOC_STRINGS = YES;
				SWIFT_VERSION = 5.0;
			};
			name = Debug;
		};
		C00000000000000000000201 /* Release */ = {
			isa = XCBuildConfiguration;
			buildSettings = {
				CODE_SIGN_ENTITLEMENTS = apps/macos/SnapCal/SnapCal.entitlements;
				CODE_SIGN_STYLE = Automatic;
				CURRENT_PROJECT_VERSION = 1;
				DEVELOPMENT_TEAM = HKUD5AT6V6;
				ENABLE_APP_SANDBOX = YES;
				ENABLE_HARDENED_RUNTIME = YES;
				GENERATE_INFOPLIST_FILE = YES;
				INFOPLIST_KEY_CFBundleDisplayName = SnapCal;
				INFOPLIST_KEY_LSApplicationCategoryType = "public.app-category.productivity";
				INFOPLIST_KEY_NSPrincipalClass = NSApplication;
				MARKETING_VERSION = 0.1.0;
				PRODUCT_BUNDLE_IDENTIFIER = "$(SNAPCAL_APP_BUNDLE_IDENTIFIER)";
				PRODUCT_NAME = "$(TARGET_NAME)";
				SWIFT_EMIT_LOC_STRINGS = YES;
				SWIFT_VERSION = 5.0;
			};
			name = Release;
		};
		C00000000000000000000300 /* Debug */ = {
			isa = XCBuildConfiguration;
			buildSettings = {
				BUNDLE_LOADER = "$(TEST_HOST)";
				CODE_SIGN_STYLE = Automatic;
				DEVELOPMENT_TEAM = HKUD5AT6V6;
				GENERATE_INFOPLIST_FILE = YES;
				MACOSX_DEPLOYMENT_TARGET = 14.0;
				PRODUCT_BUNDLE_IDENTIFIER = com.hkud5at6v6.snapcal.tests;
				PRODUCT_NAME = "$(TARGET_NAME)";
				SWIFT_VERSION = 5.0;
				TEST_HOST = "$(BUILT_PRODUCTS_DIR)/SnapCal.app/Contents/MacOS/SnapCal";
			};
			name = Debug;
		};
		C00000000000000000000301 /* Release */ = {
			isa = XCBuildConfiguration;
			buildSettings = {
				BUNDLE_LOADER = "$(TEST_HOST)";
				CODE_SIGN_STYLE = Automatic;
				DEVELOPMENT_TEAM = HKUD5AT6V6;
				GENERATE_INFOPLIST_FILE = YES;
				MACOSX_DEPLOYMENT_TARGET = 14.0;
				PRODUCT_BUNDLE_IDENTIFIER = com.hkud5at6v6.snapcal.tests;
				PRODUCT_NAME = "$(TARGET_NAME)";
				SWIFT_VERSION = 5.0;
				TEST_HOST = "$(BUILT_PRODUCTS_DIR)/SnapCal.app/Contents/MacOS/SnapCal";
			};
			name = Release;
		};
		C00000000000000000000400 /* Debug */ = {
			isa = XCBuildConfiguration;
			buildSettings = {
				CODE_SIGN_STYLE = Automatic;
				DEVELOPMENT_TEAM = HKUD5AT6V6;
				GENERATE_INFOPLIST_FILE = YES;
				MACOSX_DEPLOYMENT_TARGET = 14.0;
				PRODUCT_BUNDLE_IDENTIFIER = com.hkud5at6v6.snapcal.uitests;
				PRODUCT_NAME = "$(TARGET_NAME)";
				SWIFT_VERSION = 5.0;
				TEST_TARGET_NAME = SnapCal;
			};
			name = Debug;
		};
		C00000000000000000000401 /* Release */ = {
			isa = XCBuildConfiguration;
			buildSettings = {
				CODE_SIGN_STYLE = Automatic;
				DEVELOPMENT_TEAM = HKUD5AT6V6;
				GENERATE_INFOPLIST_FILE = YES;
				MACOSX_DEPLOYMENT_TARGET = 14.0;
				PRODUCT_BUNDLE_IDENTIFIER = com.hkud5at6v6.snapcal.uitests;
				PRODUCT_NAME = "$(TARGET_NAME)";
				SWIFT_VERSION = 5.0;
				TEST_TARGET_NAME = SnapCal;
			};
			name = Release;
		};
/* End XCBuildConfiguration section */

/* Begin XCConfigurationList section */
		L00000000000000000000001 /* Build configuration list for PBXProject "SnapCal" */ = {
			isa = XCConfigurationList;
			buildConfigurations = (
				C00000000000000000000100 /* Debug */,
				C00000000000000000000101 /* Release */,
			);
			defaultConfigurationIsVisible = 0;
			defaultConfigurationName = Release;
		};
		L00000000000000000000002 /* Build configuration list for PBXNativeTarget "SnapCal" */ = {
			isa = XCConfigurationList;
			buildConfigurations = (
				C00000000000000000000200 /* Debug */,
				C00000000000000000000201 /* Release */,
			);
			defaultConfigurationIsVisible = 0;
			defaultConfigurationName = Release;
		};
		L00000000000000000000003 /* Build configuration list for PBXNativeTarget "SnapCalTests" */ = {
			isa = XCConfigurationList;
			buildConfigurations = (
				C00000000000000000000300 /* Debug */,
				C00000000000000000000301 /* Release */,
			);
			defaultConfigurationIsVisible = 0;
			defaultConfigurationName = Release;
		};
		L00000000000000000000004 /* Build configuration list for PBXNativeTarget "SnapCalUITests" */ = {
			isa = XCConfigurationList;
			buildConfigurations = (
				C00000000000000000000400 /* Debug */,
				C00000000000000000000401 /* Release */,
			);
			defaultConfigurationIsVisible = 0;
			defaultConfigurationName = Release;
		};
/* End XCConfigurationList section */
	};
	rootObject = P00000000000000000000000 /* Project object */;
}
